
Microsoft Visual Studio Solution File, Format Version 12.00
# Visual Studio Version 16
VisualStudioVersion = 16.0.33027.164
MinimumVisualStudioVersion = 10.0.40219.1
Project("{888888A0-9F3D-457C-B088-3A5042F75D52}") = "CirclesAndCrosses", "CirclesAndCrosses.pyproj", "{B7C91E32-4945-43FA-8865-4AAF457441A7}"
EndProject
Global
	GlobalSection(SolutionConfigurationPlatforms) = preSolution
		Debug|Any CPU = Debug|Any CPU
		Release|Any CPU = Release|Any CPU
	EndGlobalSection
	GlobalSection(ProjectConfigurationPlatforms) = postSolution
		{B7C91E32-4945-43FA-8865-4AAF457441A7}.Debug|Any CPU.ActiveCfg = Debug|Any CPU
		{B7C91E32-4945-43FA-8865-4AAF457441A7}.Release|Any CPU.ActiveCfg = Release|Any CPU
	EndGlobalSection
	GlobalSection(SolutionProperties) = preSolution
		HideSolutionNode = FALSE
	EndGlobalSection
	GlobalSection(ExtensibilityGlobals) = postSolution
		SolutionGuid = {F73981CA-1835-4939-99E5-810BDDFA175D}
	EndGlobalSection
EndGlobal
